// !$*UTF8*$!
{
	archiveVersion = 1;
	classes = {
	};
	objectVersion = 46;
	objects = {

/* Begin PBXBuildFile section */
		28DC1CB01C7302F800E5813E /* AppDelegate.swift in Sources */ = {isa = PBXBuildFile; fileRef = 28DC1CAF1C7302F800E5813E /* AppDelegate.swift */; };
		28DC1CB71C7302F800E5813E /* Main.storyboard in Resources */ = {isa = PBXBuildFile; fileRef = 28DC1CB51C7302F800E5813E /* Main.storyboard */; };
		28DC1CB91C7302F800E5813E /* Assets.xcassets in Resources */ = {isa = PBXBuildFile; fileRef = 28DC1CB81C7302F800E5813E /* Assets.xcassets */; };
		28DC1CBC1C7302F800E5813E /* LaunchScreen.storyboard in Resources */ = {isa = PBXBuildFile; fileRef = 28DC1CBA1C7302F800E5813E /* LaunchScreen.storyboard */; };
		28DC1CC71C7302F900E5813E /* StarShadeeTests.swift in Sources */ = {isa = PBXBuildFile; fileRef = 28DC1CC61C7302F900E5813E /* StarShadeeTests.swift */; };
		28DC1CD21C7302F900E5813E /* StarShadeeUITests.swift in Sources */ = {isa = PBXBuildFile; fileRef = 28DC1CD11C7302F900E5813E /* StarShadeeUITests.swift */; };
		28DC1CE51C7306FC00E5813E /* FilmsView.xib in Resources */ = {isa = PBXBuildFile; fileRef = 28DC1CE41C7306FC00E5813E /* FilmsView.xib */; };
		28DC1CE71C73071100E5813E /* FilmsViewController.swift in Sources */ = {isa = PBXBuildFile; fileRef = 28DC1CE61C73071100E5813E /* FilmsViewController.swift */; };
		28DC1CE91C730A8100E5813E /* PeopleViewController.swift in Sources */ = {isa = PBXBuildFile; fileRef = 28DC1CE81C730A8100E5813E /* PeopleViewController.swift */; };
		28DC1CEB1C730A9200E5813E /* PlanetsViewController.swift in Sources */ = {isa = PBXBuildFile; fileRef = 28DC1CEA1C730A9200E5813E /* PlanetsViewController.swift */; };
		28DC1CED1C730A9F00E5813E /* SpeciesViewController.swift in Sources */ = {isa = PBXBuildFile; fileRef = 28DC1CEC1C730A9F00E5813E /* SpeciesViewController.swift */; };
		28DC1CEF1C730AB100E5813E /* StarshipsViewController.swift in Sources */ = {isa = PBXBuildFile; fileRef = 28DC1CEE1C730AB100E5813E /* StarshipsViewController.swift */; };
		28DC1CF11C730AC400E5813E /* VehiclesViewController.swift in Sources */ = {isa = PBXBuildFile; fileRef = 28DC1CF01C730AC400E5813E /* VehiclesViewController.swift */; };
		28DC1CF31C731B3F00E5813E /* PeopleView.xib in Resources */ = {isa = PBXBuildFile; fileRef = 28DC1CF21C731B3F00E5813E /* PeopleView.xib */; };
		28DC1CF51C731B4D00E5813E /* PlanetsView.xib in Resources */ = {isa = PBXBuildFile; fileRef = 28DC1CF41C731B4D00E5813E /* PlanetsView.xib */; };
		28DC1CF71C731B5C00E5813E /* SpeciesView.xib in Resources */ = {isa = PBXBuildFile; fileRef = 28DC1CF61C731B5C00E5813E /* SpeciesView.xib */; };
		28DC1CF91C731B6A00E5813E /* StarshipsView.xib in Resources */ = {isa = PBXBuildFile; fileRef = 28DC1CF81C731B6A00E5813E /* StarshipsView.xib */; };
		28DC1CFB1C731B7400E5813E /* VehiclesView.xib in Resources */ = {isa = PBXBuildFile; fileRef = 28DC1CFA1C731B7400E5813E /* VehiclesView.xib */; };
		28DC1CFD1C731F8700E5813E /* TabViewController.swift in Sources */ = {isa = PBXBuildFile; fileRef = 28DC1CFC1C731F8700E5813E /* TabViewController.swift */; };
		28DC1D011C73993300E5813E /* FilmTableViewCell.swift in Sources */ = {isa = PBXBuildFile; fileRef = 28DC1D001C73993300E5813E /* FilmTableViewCell.swift */; };
		28DC1D031C7399F400E5813E /* Film.swift in Sources */ = {isa = PBXBuildFile; fileRef = 28DC1D021C7399F400E5813E /* Film.swift */; };
		28DC1D0B1C73B0AB00E5813E /* FilmsTableViewCell.xib in Resources */ = {isa = PBXBuildFile; fileRef = 28DC1D0A1C73B0AB00E5813E /* FilmsTableViewCell.xib */; };
		B216696089A2F0A383F8136B /* Pods_StarShadee.framework in Frameworks */ = {isa = PBXBuildFile; fileRef = B0F28D7FE30F7B76B89EE573 /* Pods_StarShadee.framework */; };
/* End PBXBuildFile section */

/* Begin PBXContainerItemProxy section */
		28DC1CC31C7302F900E5813E /* PBXContainerItemProxy */ = {
			isa = PBXContainerItemProxy;
			containerPortal = 28DC1CA41C7302F800E5813E /* Project object */;
			proxyType = 1;
			remoteGlobalIDString = 28DC1CAB1C7302F800E5813E;
			remoteInfo = StarShadee;
		};
		28DC1CCE1C7302F900E5813E /* PBXContainerItemProxy */ = {
			isa = PBXContainerItemProxy;
			containerPortal = 28DC1CA41C7302F800E5813E /* Project object */;
			proxyType = 1;
			remoteGlobalIDString = 28DC1CAB1C7302F800E5813E;
			remoteInfo = StarShadee;
		};
/* End PBXContainerItemProxy section */

/* Begin PBXFileReference section */
		28DC1CAC1C7302F800E5813E /* StarShadee.app */ = {isa = PBXFileReference; explicitFileType = wrapper.application; includeInIndex = 0; path = StarShadee.app; sourceTree = BUILT_PRODUCTS_DIR; };
		28DC1CAF1C7302F800E5813E /* AppDelegate.swift */ = {isa = PBXFileReference; lastKnownFileType = sourcecode.swift; path = AppDelegate.swift; sourceTree = "<group>"; };
		28DC1CB61C7302F800E5813E /* Base */ = {isa = PBXFileReference; lastKnownFileType = file.storyboard; name = Base; path = Base.lproj/Main.storyboard; sourceTree = "<group>"; };
		28DC1CB81C7302F800E5813E /* Assets.xcassets */ = {isa = PBXFileReference; lastKnownFileType = folder.assetcatalog; path = Assets.xcassets; sourceTree = "<group>"; };
		28DC1CBB1C7302F800E5813E /* Base */ = {isa = PBXFileReference; lastKnownFileType = file.storyboard; name = Base; path = Base.lproj/LaunchScreen.storyboard; sourceTree = "<group>"; };
		28DC1CBD1C7302F800E5813E /* Info.plist */ = {isa = PBXFileReference; lastKnownFileType = text.plist.xml; path = Info.plist; sourceTree = "<group>"; };
		28DC1CC21C7302F900E5813E /* StarShadeeTests.xctest */ = {isa = PBXFileReference; explicitFileType = wrapper.cfbundle; includeInIndex = 0; path = StarShadeeTests.xctest; sourceTree = BUILT_PRODUCTS_DIR; };
		28DC1CC61C7302F900E5813E /* StarShadeeTests.swift */ = {isa = PBXFileReference; lastKnownFileType = sourcecode.swift; path = StarShadeeTests.swift; sourceTree = "<group>"; };
		28DC1CC81C7302F900E5813E /* Info.plist */ = {isa = PBXFileReference; lastKnownFileType = text.plist.xml; path = Info.plist; sourceTree = "<group>"; };
		28DC1CCD1C7302F900E5813E /* StarShadeeUITests.xctest */ = {isa = PBXFileReference; explicitFileType = wrapper.cfbundle; includeInIndex = 0; path = StarShadeeUITests.xctest; sourceTree = BUILT_PRODUCTS_DIR; };
		28DC1CD11C7302F900E5813E /* StarShadeeUITests.swift */ = {isa = PBXFileReference; lastKnownFileType = sourcecode.swift; path = StarShadeeUITests.swift; sourceTree = "<group>"; };
		28DC1CD31C7302F900E5813E /* Info.plist */ = {isa = PBXFileReference; lastKnownFileType = text.plist.xml; path = Info.plist; sourceTree = "<group>"; };
		28DC1CE41C7306FC00E5813E /* FilmsView.xib */ = {isa = PBXFileReference; fileEncoding = 4; lastKnownFileType = file.xib; name = FilmsView.xib; path = views/FilmsView.xib; sourceTree = "<group>"; };
		28DC1CE61C73071100E5813E /* FilmsViewController.swift */ = {isa = PBXFileReference; fileEncoding = 4; lastKnownFileType = sourcecode.swift; name = FilmsViewController.swift; path = controllers/FilmsViewController.swift; sourceTree = "<group>"; };
		28DC1CE81C730A8100E5813E /* PeopleViewController.swift */ = {isa = PBXFileReference; fileEncoding = 4; lastKnownFileType = sourcecode.swift; name = PeopleViewController.swift; path = controllers/PeopleViewController.swift; sourceTree = "<group>"; };
		28DC1CEA1C730A9200E5813E /* PlanetsViewController.swift */ = {isa = PBXFileReference; fileEncoding = 4; lastKnownFileType = sourcecode.swift; name = PlanetsViewController.swift; path = controllers/PlanetsViewController.swift; sourceTree = "<group>"; };
		28DC1CEC1C730A9F00E5813E /* SpeciesViewController.swift */ = {isa = PBXFileReference; fileEncoding = 4; lastKnownFileType = sourcecode.swift; name = SpeciesViewController.swift; path = controllers/SpeciesViewController.swift; sourceTree = "<group>"; };
		28DC1CEE1C730AB100E5813E /* StarshipsViewController.swift */ = {isa = PBXFileReference; fileEncoding = 4; lastKnownFileType = sourcecode.swift; name = StarshipsViewController.swift; path = controllers/StarshipsViewController.swift; sourceTree = "<group>"; };
		28DC1CF01C730AC400E5813E /* VehiclesViewController.swift */ = {isa = PBXFileReference; fileEncoding = 4; lastKnownFileType = sourcecode.swift; name = VehiclesViewController.swift; path = controllers/VehiclesViewController.swift; sourceTree = "<group>"; };
		28DC1CF21C731B3F00E5813E /* PeopleView.xib */ = {isa = PBXFileReference; fileEncoding = 4; lastKnownFileType = file.xib; name = PeopleView.xib; path = views/PeopleView.xib; sourceTree = "<group>"; };
		28DC1CF41C731B4D00E5813E /* PlanetsView.xib */ = {isa = PBXFileReference; fileEncoding = 4; lastKnownFileType = file.xib; name = PlanetsView.xib; path = views/PlanetsView.xib; sourceTree = "<group>"; };
		28DC1CF61C731B5C00E5813E /* SpeciesView.xib */ = {isa = PBXFileReference; fileEncoding = 4; lastKnownFileType = file.xib; name = SpeciesView.xib; path = views/SpeciesView.xib; sourceTree = "<group>"; };
		28DC1CF81C731B6A00E5813E /* StarshipsView.xib */ = {isa = PBXFileReference; fileEncoding = 4; lastKnownFileType = file.xib; name = StarshipsView.xib; path = views/StarshipsView.xib; sourceTree = "<group>"; };
		28DC1CFA1C731B7400E5813E /* VehiclesView.xib */ = {isa = PBXFileReference; fileEncoding = 4; lastKnownFileType = file.xib; path = VehiclesView.xib; sourceTree = "<group>"; };
		28DC1CFC1C731F8700E5813E /* TabViewController.swift */ = {isa = PBXFileReference; fileEncoding = 4; lastKnownFileType = sourcecode.swift; name = TabViewController.swift; path = controllers/TabViewController.swift; sourceTree = "<group>"; };
		28DC1D001C73993300E5813E /* FilmTableViewCell.swift */ = {isa = PBXFileReference; fileEncoding = 4; lastKnownFileType = sourcecode.swift; name = FilmTableViewCell.swift; path = controllers/cells/FilmTableViewCell.swift; sourceTree = "<group>"; };
		28DC1D021C7399F400E5813E /* Film.swift */ = {isa = PBXFileReference; fileEncoding = 4; lastKnownFileType = sourcecode.swift; name = Film.swift; path = models/Film.swift; sourceTree = "<group>"; };
		28DC1D091C739EB800E5813E /* StarShadee-Bridging-Header.h */ = {isa = PBXFileReference; lastKnownFileType = sourcecode.c.h; name = "StarShadee-Bridging-Header.h"; path = "utilities/StarShadee-Bridging-Header.h"; sourceTree = "<group>"; };
		28DC1D0A1C73B0AB00E5813E /* FilmsTableViewCell.xib */ = {isa = PBXFileReference; fileEncoding = 4; lastKnownFileType = file.xib; name = FilmsTableViewCell.xib; path = views/cells/FilmsTableViewCell.xib; sourceTree = "<group>"; };
		6C2C747E7171377B5036C2A1 /* Pods-StarShadee.release.xcconfig */ = {isa = PBXFileReference; includeInIndex = 1; lastKnownFileType = text.xcconfig; name = "Pods-StarShadee.release.xcconfig"; path = "Pods/Target Support Files/Pods-StarShadee/Pods-StarShadee.release.xcconfig"; sourceTree = "<group>"; };
		B0F28D7FE30F7B76B89EE573 /* Pods_StarShadee.framework */ = {isa = PBXFileReference; explicitFileType = wrapper.framework; includeInIndex = 0; path = Pods_StarShadee.framework; sourceTree = BUILT_PRODUCTS_DIR; };
		F168D47E8A94B00E3CEA019F /* Pods-StarShadee.debug.xcconfig */ = {isa = PBXFileReference; includeInIndex = 1; lastKnownFileType = text.xcconfig; name = "Pods-StarShadee.debug.xcconfig"; path = "Pods/Target Support Files/Pods-StarShadee/Pods-StarShadee.debug.xcconfig"; sourceTree = "<group>"; };
/* End PBXFileReference section */

/* Begin PBXFrameworksBuildPhase section */
		28DC1CA91C7302F800E5813E /* Frameworks */ = {
			isa = PBXFrameworksBuildPhase;
			buildActionMask = 2147483647;
			files = (
				B216696089A2F0A383F8136B /* Pods_StarShadee.framework in Frameworks */,
			);
			runOnlyForDeploymentPostprocessing = 0;
		};
		28DC1CBF1C7302F900E5813E /* Frameworks */ = {
			isa = PBXFrameworksBuildPhase;
			buildActionMask = 2147483647;
			files = (
			);
			runOnlyForDeploymentPostprocessing = 0;
		};
		28DC1CCA1C7302F900E5813E /* Frameworks */ = {
			isa = PBXFrameworksBuildPhase;
			buildActionMask = 2147483647;
			files = (
			);
			runOnlyForDeploymentPostprocessing = 0;
		};
/* End PBXFrameworksBuildPhase section */

/* Begin PBXGroup section */
		145167D836E3E2B6DB645DFF /* Frameworks */ = {
			isa = PBXGroup;
			children = (
				B0F28D7FE30F7B76B89EE573 /* Pods_StarShadee.framework */,
			);
			name = Frameworks;
			sourceTree = "<group>";
		};
		28DC1CA31C7302F800E5813E = {
			isa = PBXGroup;
			children = (
				28DC1CAE1C7302F800E5813E /* StarShadee */,
				28DC1CC51C7302F900E5813E /* StarShadeeTests */,
				28DC1CD01C7302F900E5813E /* StarShadeeUITests */,
				28DC1CAD1C7302F800E5813E /* Products */,
				3F8B07ED0BDB6A7002B99315 /* Pods */,
				145167D836E3E2B6DB645DFF /* Frameworks */,
			);
			sourceTree = "<group>";
		};
		28DC1CAD1C7302F800E5813E /* Products */ = {
			isa = PBXGroup;
			children = (
				28DC1CAC1C7302F800E5813E /* StarShadee.app */,
				28DC1CC21C7302F900E5813E /* StarShadeeTests.xctest */,
				28DC1CCD1C7302F900E5813E /* StarShadeeUITests.xctest */,
			);
			name = Products;
			sourceTree = "<group>";
		};
		28DC1CAE1C7302F800E5813E /* StarShadee */ = {
			isa = PBXGroup;
			children = (
				28DC1CE11C73067D00E5813E /* models */,
				28DC1CE01C73067B00E5813E /* controllers */,
				28DC1CDF1C73067900E5813E /* views */,
				28DC1CAF1C7302F800E5813E /* AppDelegate.swift */,
				28DC1CB51C7302F800E5813E /* Main.storyboard */,
				28DC1CB81C7302F800E5813E /* Assets.xcassets */,
				28DC1CBA1C7302F800E5813E /* LaunchScreen.storyboard */,
				28DC1CBD1C7302F800E5813E /* Info.plist */,
				28DC1CE31C73069500E5813E /* libraries */,
				28DC1CE21C73068D00E5813E /* utilities */,
			);
			path = StarShadee;
			sourceTree = "<group>";
		};
		28DC1CC51C7302F900E5813E /* StarShadeeTests */ = {
			isa = PBXGroup;
			children = (
				28DC1CC61C7302F900E5813E /* StarShadeeTests.swift */,
				28DC1CC81C7302F900E5813E /* Info.plist */,
			);
			path = StarShadeeTests;
			sourceTree = "<group>";
		};
		28DC1CD01C7302F900E5813E /* StarShadeeUITests */ = {
			isa = PBXGroup;
			children = (
				28DC1CD11C7302F900E5813E /* StarShadeeUITests.swift */,
				28DC1CD31C7302F900E5813E /* Info.plist */,
			);
			path = StarShadeeUITests;
			sourceTree = "<group>";
		};
		28DC1CDF1C73067900E5813E /* views */ = {
			isa = PBXGroup;
			children = (
				28DC1CFE1C73967F00E5813E /* Cells */,
				28DC1CE41C7306FC00E5813E /* FilmsView.xib */,
				28DC1CF21C731B3F00E5813E /* PeopleView.xib */,
				28DC1CF41C731B4D00E5813E /* PlanetsView.xib */,
				28DC1CF61C731B5C00E5813E /* SpeciesView.xib */,
				28DC1CF81C731B6A00E5813E /* StarshipsView.xib */,
				28DC1CFA1C731B7400E5813E /* VehiclesView.xib */,
			);
			name = views;
			sourceTree = "<group>";
		};
		28DC1CE01C73067B00E5813E /* controllers */ = {
			isa = PBXGroup;
			children = (
				28DC1CFF1C73990800E5813E /* Cells */,
				28DC1CE61C73071100E5813E /* FilmsViewController.swift */,
				28DC1CE81C730A8100E5813E /* PeopleViewController.swift */,
				28DC1CEA1C730A9200E5813E /* PlanetsViewController.swift */,
				28DC1CEC1C730A9F00E5813E /* SpeciesViewController.swift */,
				28DC1CEE1C730AB100E5813E /* StarshipsViewController.swift */,
				28DC1CF01C730AC400E5813E /* VehiclesViewController.swift */,
				28DC1CFC1C731F8700E5813E /* TabViewController.swift */,
			);
			name = controllers;
			sourceTree = "<group>";
		};
		28DC1CE11C73067D00E5813E /* models */ = {
			isa = PBXGroup;
			children = (
				28DC1D021C7399F400E5813E /* Film.swift */,
			);
			name = models;
			sourceTree = "<group>";
		};
		28DC1CE21C73068D00E5813E /* utilities */ = {
			isa = PBXGroup;
			children = (
				28DC1D091C739EB800E5813E /* StarShadee-Bridging-Header.h */,
			);
			name = utilities;
			sourceTree = "<group>";
		};
		28DC1CE31C73069500E5813E /* libraries */ = {
			isa = PBXGroup;
			children = (
			);
			name = libraries;
			sourceTree = "<group>";
		};
		28DC1CFE1C73967F00E5813E /* Cells */ = {
			isa = PBXGroup;
			children = (
				28DC1D0A1C73B0AB00E5813E /* FilmsTableViewCell.xib */,
			);
			name = Cells;
			sourceTree = "<group>";
		};
		28DC1CFF1C73990800E5813E /* Cells */ = {
			isa = PBXGroup;
			children = (
				28DC1D001C73993300E5813E /* FilmTableViewCell.swift */,
			);
			name = Cells;
			sourceTree = "<group>";
		};
		3F8B07ED0BDB6A7002B99315 /* Pods */ = {
			isa = PBXGroup;
			children = (
				F168D47E8A94B00E3CEA019F /* Pods-StarShadee.debug.xcconfig */,
				6C2C747E7171377B5036C2A1 /* Pods-StarShadee.release.xcconfig */,
			);
			name = Pods;
			sourceTree = "<group>";
		};
/* End PBXGroup section */

/* Begin PBXNativeTarget section */
		28DC1CAB1C7302F800E5813E /* StarShadee */ = {
			isa = PBXNativeTarget;
			buildConfigurationList = 28DC1CD61C7302F900E5813E /* Build configuration list for PBXNativeTarget "StarShadee" */;
			buildPhases = (
				01F7D363C248EF1AD276C034 /* Check Pods Manifest.lock */,
				28DC1CA81C7302F800E5813E /* Sources */,
				28DC1CA91C7302F800E5813E /* Frameworks */,
				28DC1CAA1C7302F800E5813E /* Resources */,
				EFE1B40BEDF3C507B670726C /* Embed Pods Frameworks */,
				A44D464DDF1562EF4C40BA4B /* Copy Pods Resources */,
			);
			buildRules = (
			);
			dependencies = (
			);
			name = StarShadee;
			productName = StarShadee;
			productReference = 28DC1CAC1C7302F800E5813E /* StarShadee.app */;
			productType = "com.apple.product-type.application";
		};
		28DC1CC11C7302F900E5813E /* StarShadeeTests */ = {
			isa = PBXNativeTarget;
			buildConfigurationList = 28DC1CD91C7302F900E5813E /* Build configuration list for PBXNativeTarget "StarShadeeTests" */;
			buildPhases = (
				28DC1CBE1C7302F900E5813E /* Sources */,
				28DC1CBF1C7302F900E5813E /* Frameworks */,
				28DC1CC01C7302F900E5813E /* Resources */,
			);
			buildRules = (
			);
			dependencies = (
				28DC1CC41C7302F900E5813E /* PBXTargetDependency */,
			);
			name = StarShadeeTests;
			productName = StarShadeeTests;
			productReference = 28DC1CC21C7302F900E5813E /* StarShadeeTests.xctest */;
			productType = "com.apple.product-type.bundle.unit-test";
		};
		28DC1CCC1C7302F900E5813E /* StarShadeeUITests */ = {
			isa = PBXNativeTarget;
			buildConfigurationList = 28DC1CDC1C7302F900E5813E /* Build configuration list for PBXNativeTarget "StarShadeeUITests" */;
			buildPhases = (
				28DC1CC91C7302F900E5813E /* Sources */,
				28DC1CCA1C7302F900E5813E /* Frameworks */,
				28DC1CCB1C7302F900E5813E /* Resources */,
			);
			buildRules = (
			);
			dependencies = (
				28DC1CCF1C7302F900E5813E /* PBXTargetDependency */,
			);
			name = StarShadeeUITests;
			productName = StarShadeeUITests;
			productReference = 28DC1CCD1C7302F900E5813E /* StarShadeeUITests.xctest */;
			productType = "com.apple.product-type.bundle.ui-testing";
		};
/* End PBXNativeTarget section */

/* Begin PBXProject section */
		28DC1CA41C7302F800E5813E /* Project object */ = {
			isa = PBXProject;
			attributes = {
				LastSwiftUpdateCheck = 0720;
				LastUpgradeCheck = 0720;
				ORGANIZATIONNAME = SS;
				TargetAttributes = {
					28DC1CAB1C7302F800E5813E = {
						CreatedOnToolsVersion = 7.2;
					};
					28DC1CC11C7302F900E5813E = {
						CreatedOnToolsVersion = 7.2;
						TestTargetID = 28DC1CAB1C7302F800E5813E;
					};
					28DC1CCC1C7302F900E5813E = {
						CreatedOnToolsVersion = 7.2;
						TestTargetID = 28DC1CAB1C7302F800E5813E;
					};
				};
			};
			buildConfigurationList = 28DC1CA71C7302F800E5813E /* Build configuration list for PBXProject "StarShadee" */;
			compatibilityVersion = "Xcode 3.2";
			developmentRegion = English;
			hasScannedForEncodings = 0;
			knownRegions = (
				en,
				Base,
			);
			mainGroup = 28DC1CA31C7302F800E5813E;
			productRefGroup = 28DC1CAD1C7302F800E5813E /* Products */;
			projectDirPath = "";
			projectRoot = "";
			targets = (
				28DC1CAB1C7302F800E5813E /* StarShadee */,
				28DC1CC11C7302F900E5813E /* StarShadeeTests */,
				28DC1CCC1C7302F900E5813E /* StarShadeeUITests */,
			);
		};
/* End PBXProject section */

/* Begin PBXResourcesBuildPhase section */
		28DC1CAA1C7302F800E5813E /* Resources */ = {
			isa = PBXResourcesBuildPhase;
			buildActionMask = 2147483647;
			files = (
				28DC1CFB1C731B7400E5813E /* VehiclesView.xib in Resources */,
				28DC1CF51C731B4D00E5813E /* PlanetsView.xib in Resources */,
				28DC1CE51C7306FC00E5813E /* FilmsView.xib in Resources */,
				28DC1CBC1C7302F800E5813E /* LaunchScreen.storyboard in Resources */,
				28DC1CF31C731B3F00E5813E /* PeopleView.xib in Resources */,
				28DC1CF71C731B5C00E5813E /* SpeciesView.xib in Resources */,
				28DC1CB91C7302F800E5813E /* Assets.xcassets in Resources */,
				28DC1D0B1C73B0AB00E5813E /* FilmsTableViewCell.xib in Resources */,
				28DC1CF91C731B6A00E5813E /* StarshipsView.xib in Resources */,
				28DC1CB71C7302F800E5813E /* Main.storyboard in Resources */,
			);
			runOnlyForDeploymentPostprocessing = 0;
		};
		28DC1CC01C7302F900E5813E /* Resources */ = {
			isa = PBXResourcesBuildPhase;
			buildActionMask = 2147483647;
			files = (
			);
			runOnlyForDeploymentPostprocessing = 0;
		};
		28DC1CCB1C7302F900E5813E /* Resources */ = {
			isa = PBXResourcesBuildPhase;
			buildActionMask = 2147483647;
			files = (
			);
			runOnlyForDeploymentPostprocessing = 0;
		};
/* End PBXResourcesBuildPhase section */

/* Begin PBXShellScriptBuildPhase section */
		01F7D363C248EF1AD276C034 /* Check Pods Manifest.lock */ = {
			isa = PBXShellScriptBuildPhase;
			buildActionMask = 2147483647;
			files = (
			);
			inputPaths = (
			);
			name = "Check Pods Manifest.lock";
			outputPaths = (
			);
			runOnlyForDeploymentPostprocessing = 0;
			shellPath = /bin/sh;
			shellScript = "diff \"${PODS_ROOT}/../Podfile.lock\" \"${PODS_ROOT}/Manifest.lock\" > /dev/null\nif [[ $? != 0 ]] ; then\n    cat << EOM\nerror: The sandbox is not in sync with the Podfile.lock. Run 'pod install' or update your CocoaPods installation.\nEOM\n    exit 1\nfi\n";
			showEnvVarsInLog = 0;
		};
		A44D464DDF1562EF4C40BA4B /* Copy Pods Resources */ = {
			isa = PBXShellScriptBuildPhase;
			buildActionMask = 2147483647;
			files = (
			);
			inputPaths = (
			);
			name = "Copy Pods Resources";
			outputPaths = (
			);
			runOnlyForDeploymentPostprocessing = 0;
			shellPath = /bin/sh;
			shellScript = "\"${SRCROOT}/Pods/Target Support Files/Pods-StarShadee/Pods-StarShadee-resources.sh\"\n";
			showEnvVarsInLog = 0;
		};
		EFE1B40BEDF3C507B670726C /* Embed Pods Frameworks */ = {
			isa = PBXShellScriptBuildPhase;
			buildActionMask = 2147483647;
			files = (
			);
			inputPaths = (
			);
			name = "Embed Pods Frameworks";
			outputPaths = (
			);
			runOnlyForDeploymentPostprocessing = 0;
			shellPath = /bin/sh;
			shellScript = "\"${SRCROOT}/Pods/Target Support Files/Pods-StarShadee/Pods-StarShadee-frameworks.sh\"\n";
			showEnvVarsInLog = 0;
		};
/* End PBXShellScriptBuildPhase section */

/* Begin PBXSourcesBuildPhase section */
		28DC1CA81C7302F800E5813E /* Sources */ = {
			isa = PBXSourcesBuildPhase;
			buildActionMask = 2147483647;
			files = (
				28DC1CF11C730AC400E5813E /* VehiclesViewController.swift in Sources */,
				28DC1CEF1C730AB100E5813E /* StarshipsViewController.swift in Sources */,
				28DC1CE91C730A8100E5813E /* PeopleViewController.swift in Sources */,
				28DC1CED1C730A9F00E5813E /* SpeciesViewController.swift in Sources */,
				28DC1CEB1C730A9200E5813E /* PlanetsViewController.swift in Sources */,
				28DC1D031C7399F400E5813E /* Film.swift in Sources */,
				28DC1CB01C7302F800E5813E /* AppDelegate.swift in Sources */,
				28DC1D011C73993300E5813E /* FilmTableViewCell.swift in Sources */,
				28DC1CE71C73071100E5813E /* FilmsViewController.swift in Sources */,
				28DC1CFD1C731F8700E5813E /* TabViewController.swift in Sources */,
			);
			runOnlyForDeploymentPostprocessing = 0;
		};
		28DC1CBE1C7302F900E5813E /* Sources */ = {
			isa = PBXSourcesBuildPhase;
			buildActionMask = 2147483647;
			files = (
				28DC1CC71C7302F900E5813E /* StarShadeeTests.swift in Sources */,
			);
			runOnlyForDeploymentPostprocessing = 0;
		};
		28DC1CC91C7302F900E5813E /* Sources */ = {
			isa = PBXSourcesBuildPhase;
			buildActionMask = 2147483647;
			files = (
				28DC1CD21C7302F900E5813E /* StarShadeeUITests.swift in Sources */,
			);
			runOnlyForDeploymentPostprocessing = 0;
		};
/* End PBXSourcesBuildPhase section */

/* Begin PBXTargetDependency section */
		28DC1CC41C7302F900E5813E /* PBXTargetDependency */ = {
			isa = PBXTargetDependency;
			target = 28DC1CAB1C7302F800E5813E /* StarShadee */;
			targetProxy = 28DC1CC31C7302F900E5813E /* PBXContainerItemProxy */;
		};
		28DC1CCF1C7302F900E5813E /* PBXTargetDependency */ = {
			isa = PBXTargetDependency;
			target = 28DC1CAB1C7302F800E5813E /* StarShadee */;
			targetProxy = 28DC1CCE1C7302F900E5813E /* PBXContainerItemProxy */;
		};
/* End PBXTargetDependency section */

/* Begin PBXVariantGroup section */
		28DC1CB51C7302F800E5813E /* Main.storyboard */ = {
			isa = PBXVariantGroup;
			children = (
				28DC1CB61C7302F800E5813E /* Base */,
			);
			name = Main.storyboard;
			sourceTree = "<group>";
		};
		28DC1CBA1C7302F800E5813E /* LaunchScreen.storyboard */ = {
			isa = PBXVariantGroup;
			children = (
				28DC1CBB1C7302F800E5813E /* Base */,
			);
			name = LaunchScreen.storyboard;
			sourceTree = "<group>";
		};
/* End PBXVariantGroup section */

/* Begin XCBuildConfiguration section */
		28DC1CD41C7302F900E5813E /* Debug */ = {
			isa = XCBuildConfiguration;
			buildSettings = {
				ALWAYS_SEARCH_USER_PATHS = NO;
				CLANG_CXX_LANGUAGE_STANDARD = "gnu++0x";
				CLANG_CXX_LIBRARY = "libc++";
				CLANG_ENABLE_MODULES = YES;
				CLANG_ENABLE_OBJC_ARC = YES;
				CLANG_WARN_BOOL_CONVERSION = YES;
				CLANG_WARN_CONSTANT_CONVERSION = YES;
				CLANG_WARN_DIRECT_OBJC_ISA_USAGE = YES_ERROR;
				CLANG_WARN_EMPTY_BODY = YES;
				CLANG_WARN_ENUM_CONVERSION = YES;
				CLANG_WARN_INT_CONVERSION = YES;
				CLANG_WARN_OBJC_ROOT_CLASS = YES_ERROR;
				CLANG_WARN_UNREACHABLE_CODE = YES;
				CLANG_WARN__DUPLICATE_METHOD_MATCH = YES;
				"CODE_SIGN_IDENTITY[sdk=iphoneos*]" = "iPhone Developer";
				COPY_PHASE_STRIP = NO;
				DEBUG_INFORMATION_FORMAT = dwarf;
				ENABLE_STRICT_OBJC_MSGSEND = YES;
				ENABLE_TESTABILITY = YES;
				GCC_C_LANGUAGE_STANDARD = gnu99;
				GCC_DYNAMIC_NO_PIC = NO;
				GCC_NO_COMMON_BLOCKS = YES;
				GCC_OPTIMIZATION_LEVEL = 0;
				GCC_PREPROCESSOR_DEFINITIONS = (
					"DEBUG=1",
					"$(inherited)",
				);
				GCC_WARN_64_TO_32_BIT_CONVERSION = YES;
				GCC_WARN_ABOUT_RETURN_TYPE = YES_ERROR;
				GCC_WARN_UNDECLARED_SELECTOR = YES;
				GCC_WARN_UNINITIALIZED_AUTOS = YES_AGGRESSIVE;
				GCC_WARN_UNUSED_FUNCTION = YES;
				GCC_WARN_UNUSED_VARIABLE = YES;
				IPHONEOS_DEPLOYMENT_TARGET = 9.2;
				MTL_ENABLE_DEBUG_INFO = YES;
				ONLY_ACTIVE_ARCH = YES;
				SDKROOT = iphoneos;
				SWIFT_OPTIMIZATION_LEVEL = "-Onone";
				TARGETED_DEVICE_FAMILY = "1,2";
			};
			name = Debug;
		};
		28DC1CD51C7302F900E5813E /* Release */ = {
			isa = XCBuildConfiguration;
			buildSettings = {
				ALWAYS_SEARCH_USER_PATHS = NO;
				CLANG_CXX_LANGUAGE_STANDARD = "gnu++0x";
				CLANG_CXX_LIBRARY = "libc++";
				CLANG_ENABLE_MODULES = YES;
				CLANG_ENABLE_OBJC_ARC = YES;
				CLANG_WARN_BOOL_CONVERSION = YES;
				CLANG_WARN_CONSTANT_CONVERSION = YES;
				CLANG_WARN_DIRECT_OBJC_ISA_USAGE = YES_ERROR;
				CLANG_WARN_EMPTY_BODY = YES;
				CLANG_WARN_ENUM_CONVERSION = YES;
				CLANG_WARN_INT_CONVERSION = YES;
				CLANG_WARN_OBJC_ROOT_CLASS = YES_ERROR;
				CLANG_WARN_UNREACHABLE_CODE = YES;
				CLANG_WARN__DUPLICATE_METHOD_MATCH = YES;
				"CODE_SIGN_IDENTITY[sdk=iphoneos*]" = "iPhone Developer";
				COPY_PHASE_STRIP = NO;
				DEBUG_INFORMATION_FORMAT = "dwarf-with-dsym";
				ENABLE_NS_ASSERTIONS = NO;
				ENABLE_STRICT_OBJC_MSGSEND = YES;
				GCC_C_LANGUAGE_STANDARD = gnu99;
				GCC_NO_COMMON_BLOCKS = YES;
				GCC_WARN_64_TO_32_BIT_CONVERSION = YES;
				GCC_WARN_ABOUT_RETURN_TYPE = YES_ERROR;
				GCC_WARN_UNDECLARED_SELECTOR = YES;
				GCC_WARN_UNINITIALIZED_AUTOS = YES_AGGRESSIVE;
				GCC_WARN_UNUSED_FUNCTION = YES;
				GCC_WARN_UNUSED_VARIABLE = YES;
				IPHONEOS_DEPLOYMENT_TARGET = 9.2;
				MTL_ENABLE_DEBUG_INFO = NO;
				SDKROOT = iphoneos;
				TARGETED_DEVICE_FAMILY = "1,2";
				VALIDATE_PRODUCT = YES;
			};
			name = Release;
		};
		28DC1CD71C7302F900E5813E /* Debug */ = {
			isa = XCBuildConfiguration;
			baseConfigurationReference = F168D47E8A94B00E3CEA019F /* Pods-StarShadee.debug.xcconfig */;
			buildSettings = {
				ASSETCATALOG_COMPILER_APPICON_NAME = AppIcon;
				CLANG_ENABLE_MODULES = YES;
				INFOPLIST_FILE = StarShadee/Info.plist;
				LD_RUNPATH_SEARCH_PATHS = "$(inherited) @executable_path/Frameworks";
				PRODUCT_BUNDLE_IDENTIFIER = SS.StarShadee;
				PRODUCT_NAME = "$(TARGET_NAME)";
				SWIFT_OBJC_BRIDGING_HEADER = "StarShadee/utilities/StarShadee-Bridging-Header.h";
				SWIFT_OPTIMIZATION_LEVEL = "-Onone";
			};
			name = Debug;
		};
		28DC1CD81C7302F900E5813E /* Release */ = {
			isa = XCBuildConfiguration;
			baseConfigurationReference = 6C2C747E7171377B5036C2A1 /* Pods-StarShadee.release.xcconfig */;
			buildSettings = {
				ASSETCATALOG_COMPILER_APPICON_NAME = AppIcon;
				CLANG_ENABLE_MODULES = YES;
				INFOPLIST_FILE = StarShadee/Info.plist;
				LD_RUNPATH_SEARCH_PATHS = "$(inherited) @executable_path/Frameworks";
				PRODUCT_BUNDLE_IDENTIFIER = SS.StarShadee;
				PRODUCT_NAME = "$(TARGET_NAME)";
				SWIFT_OBJC_BRIDGING_HEADER = "StarShadee/utilities/StarShadee-Bridging-Header.h";
			};
			name = Release;
		};
		28DC1CDA1C7302F900E5813E /* Debug */ = {
			isa = XCBuildConfiguration;
			buildSettings = {
				BUNDLE_LOADER = "$(TEST_HOST)";
				INFOPLIST_FILE = StarShadeeTests/Info.plist;
				LD_RUNPATH_SEARCH_PATHS = "$(inherited) @executable_path/Frameworks @loader_path/Frameworks";
				PRODUCT_BUNDLE_IDENTIFIER = SS.StarShadeeTests;
				PRODUCT_NAME = "$(TARGET_NAME)";
				TEST_HOST = "$(BUILT_PRODUCTS_DIR)/StarShadee.app/StarShadee";
			};
			name = Debug;
		};
		28DC1CDB1C7302F900E5813E /* Release */ = {
			isa = XCBuildConfiguration;
			buildSettings = {
				BUNDLE_LOADER = "$(TEST_HOST)";
				INFOPLIST_FILE = StarShadeeTests/Info.plist;
				LD_RUNPATH_SEARCH_PATHS = "$(inherited) @executable_path/Frameworks @loader_path/Frameworks";
				PRODUCT_BUNDLE_IDENTIFIER = SS.StarShadeeTests;
				PRODUCT_NAME = "$(TARGET_NAME)";
				TEST_HOST = "$(BUILT_PRODUCTS_DIR)/StarShadee.app/StarShadee";
			};
			name = Release;
		};
		28DC1CDD1C7302F900E5813E /* Debug */ = {
			isa = XCBuildConfiguration;
			buildSettings = {
				INFOPLIST_FILE = StarShadeeUITests/Info.plist;
				LD_RUNPATH_SEARCH_PATHS = "$(inherited) @executable_path/Frameworks @loader_path/Frameworks";
				PRODUCT_BUNDLE_IDENTIFIER = SS.StarShadeeUITests;
				PRODUCT_NAME = "$(TARGET_NAME)";
				TEST_TARGET_NAME = StarShadee;
				USES_XCTRUNNER = YES;
			};
			name = Debug;
		};
		28DC1CDE1C7302F900E5813E /* Release */ = {
			isa = XCBuildConfiguration;
			buildSettings = {
				INFOPLIST_FILE = StarShadeeUITests/Info.plist;
				LD_RUNPATH_SEARCH_PATHS = "$(inherited) @executable_path/Frameworks @loader_path/Frameworks";
				PRODUCT_BUNDLE_IDENTIFIER = SS.StarShadeeUITests;
				PRODUCT_NAME = "$(TARGET_NAME)";
				TEST_TARGET_NAME = StarShadee;
				USES_XCTRUNNER = YES;
			};
			name = Release;
		};
/* End XCBuildConfiguration section */

/* Begin XCConfigurationList section */
		28DC1CA71C7302F800E5813E /* Build configuration list for PBXProject "StarShadee" */ = {
			isa = XCConfigurationList;
			buildConfigurations = (
				28DC1CD41C7302F900E5813E /* Debug */,
				28DC1CD51C7302F900E5813E /* Release */,
			);
			defaultConfigurationIsVisible = 0;
			defaultConfigurationName = Release;
		};
		28DC1CD61C7302F900E5813E /* Build configuration list for PBXNativeTarget "StarShadee" */ = {
			isa = XCConfigurationList;
			buildConfigurations = (
				28DC1CD71C7302F900E5813E /* Debug */,
				28DC1CD81C7302F900E5813E /* Release */,
			);
			defaultConfigurationIsVisible = 0;
			defaultConfigurationName = Release;
		};
		28DC1CD91C7302F900E5813E /* Build configuration list for PBXNativeTarget "StarShadeeTests" */ = {
			isa = XCConfigurationList;
			buildConfigurations = (
				28DC1CDA1C7302F900E5813E /* Debug */,
				28DC1CDB1C7302F900E5813E /* Release */,
			);
			defaultConfigurationIsVisible = 0;
			defaultConfigurationName = Release;
		};
		28DC1CDC1C7302F900E5813E /* Build configuration list for PBXNativeTarget "StarShadeeUITests" */ = {
			isa = XCConfigurationList;
			buildConfigurations = (
				28DC1CDD1C7302F900E5813E /* Debug */,
				28DC1CDE1C7302F900E5813E /* Release */,
			);
			defaultConfigurationIsVisible = 0;
			defaultConfigurationName = Release;
		};
/* End XCConfigurationList section */
	};
	rootObject = 28DC1CA41C7302F800E5813E /* Project object */;
}
